
Microsoft Visual Studio Solution File, Format Version 12.00
# Visual Studio Version 17
VisualStudioVersion = 17.14.36121.58 d17.14
MinimumVisualStudioVersion = 10.0.40219.1
Project("{FAE04EC0-301F-11D3-BF4B-00C04F79EFBC}") = "UserManager.API", "UserManager.API\UserManager.API.csproj", "{A0602B2C-9131-4D05-9F7C-A4F19EA31909}"
EndProject
Global
	GlobalSection(SolutionConfigurationPlatforms) = preSolution
		Debug|Any CPU = Debug|Any CPU
		Release|Any CPU = Release|Any CPU
	EndGlobalSection
	GlobalSection(ProjectConfigurationPlatforms) = postSolution
		{A0602B2C-9131-4D05-9F7C-A4F19EA31909}.Debug|Any CPU.ActiveCfg = Debug|Any CPU
		{A0602B2C-9131-4D05-9F7C-A4F19EA31909}.Debug|Any CPU.Build.0 = Debug|Any CPU
		{A0602B2C-9131-4D05-9F7C-A4F19EA31909}.Release|Any CPU.ActiveCfg = Release|Any CPU
		{A0602B2C-9131-4D05-9F7C-A4F19EA31909}.Release|Any CPU.Build.0 = Release|Any CPU
	EndGlobalSection
	GlobalSection(SolutionProperties) = preSolution
		HideSolutionNode = FALSE
	EndGlobalSection
	GlobalSection(ExtensibilityGlobals) = postSolution
		SolutionGuid = {7F6433BD-CCBA-43A3-92B9-BF9B3708CEC4}
	EndGlobalSection
EndGlobal
